// !$*UTF8*$!
{
	archiveVersion = 1;
	classes = {
	};
	objectVersion = 46;
	objects = {

/* Begin PBXBuildFile section */
		5329432918B30E0100F45250 /* Foundation.framework in Frameworks */ = {isa = PBXBuildFile; fileRef = 5329432818B30E0100F45250 /* Foundation.framework */; };
		5329432B18B30E0100F45250 /* CoreGraphics.framework in Frameworks */ = {isa = PBXBuildFile; fileRef = 5329432A18B30E0100F45250 /* CoreGraphics.framework */; };
		5329432D18B30E0100F45250 /* UIKit.framework in Frameworks */ = {isa = PBXBuildFile; fileRef = 5329432C18B30E0100F45250 /* UIKit.framework */; };
		5329433318B30E0100F45250 /* InfoPlist.strings in Resources */ = {isa = PBXBuildFile; fileRef = 5329433118B30E0100F45250 /* InfoPlist.strings */; };
		5329433518B30E0100F45250 /* main.m in Sources */ = {isa = PBXBuildFile; fileRef = 5329433418B30E0100F45250 /* main.m */; };
		5329433918B30E0100F45250 /* AppDelegate.m in Sources */ = {isa = PBXBuildFile; fileRef = 5329433818B30E0100F45250 /* AppDelegate.m */; };
		5329433C18B30E0100F45250 /* Main.storyboard in Resources */ = {isa = PBXBuildFile; fileRef = 5329433A18B30E0100F45250 /* Main.storyboard */; };
		5329433F18B30E0100F45250 /* ViewController.m in Sources */ = {isa = PBXBuildFile; fileRef = 5329433E18B30E0100F45250 /* ViewController.m */; };
		5329434118B30E0100F45250 /* Images.xcassets in Resources */ = {isa = PBXBuildFile; fileRef = 5329434018B30E0100F45250 /* Images.xcassets */; };
		5329434818B30E0200F45250 /* XCTest.framework in Frameworks */ = {isa = PBXBuildFile; fileRef = 5329434718B30E0200F45250 /* XCTest.framework */; };
		5329434918B30E0200F45250 /* Foundation.framework in Frameworks */ = {isa = PBXBuildFile; fileRef = 5329432818B30E0100F45250 /* Foundation.framework */; };
		5329434A18B30E0200F45250 /* UIKit.framework in Frameworks */ = {isa = PBXBuildFile; fileRef = 5329432C18B30E0100F45250 /* UIKit.framework */; };
		5329435218B30E0200F45250 /* InfoPlist.strings in Resources */ = {isa = PBXBuildFile; fileRef = 5329435018B30E0200F45250 /* InfoPlist.strings */; };
		5329435418B30E0200F45250 /* StopwatchTests.m in Sources */ = {isa = PBXBuildFile; fileRef = 5329435318B30E0200F45250 /* StopwatchTests.m */; };
/* End PBXBuildFile section */

/* Begin PBXContainerItemProxy section */
		5329434B18B30E0200F45250 /* PBXContainerItemProxy */ = {
			isa = PBXContainerItemProxy;
			containerPortal = 5329431D18B30E0100F45250 /* Project object */;
			proxyType = 1;
			remoteGlobalIDString = 5329432418B30E0100F45250;
			remoteInfo = Stopwatch;
		};
/* End PBXContainerItemProxy section */

/* Begin PBXFileReference section */
		5329432518B30E0100F45250 /* Stopwatch.app */ = {isa = PBXFileReference; explicitFileType = wrapper.application; includeInIndex = 0; path = Stopwatch.app; sourceTree = BUILT_PRODUCTS_DIR; };
		5329432818B30E0100F45250 /* Foundation.framework */ = {isa = PBXFileReference; lastKnownFileType = wrapper.framework; name = Foundation.framework; path = System/Library/Frameworks/Foundation.framework; sourceTree = SDKROOT; };
		5329432A18B30E0100F45250 /* CoreGraphics.framework */ = {isa = PBXFileReference; lastKnownFileType = wrapper.framework; name = CoreGraphics.framework; path = System/Library/Frameworks/CoreGraphics.framework; sourceTree = SDKROOT; };
		5329432C18B30E0100F45250 /* UIKit.framework */ = {isa = PBXFileReference; lastKnownFileType = wrapper.framework; name = UIKit.framework; path = System/Library/Frameworks/UIKit.framework; sourceTree = SDKROOT; };
		5329433018B30E0100F45250 /* Stopwatch-Info.plist */ = {isa = PBXFileReference; lastKnownFileType = text.plist.xml; path = "Stopwatch-Info.plist"; sourceTree = "<group>"; };
		5329433218B30E0100F45250 /* en */ = {isa = PBXFileReference; lastKnownFileType = text.plist.strings; name = en; path = en.lproj/InfoPlist.strings; sourceTree = "<group>"; };
		5329433418B30E0100F45250 /* main.m */ = {isa = PBXFileReference; lastKnownFileType = sourcecode.c.objc; path = main.m; sourceTree = "<group>"; };
		5329433618B30E0100F45250 /* Stopwatch-Prefix.pch */ = {isa = PBXFileReference; lastKnownFileType = sourcecode.c.h; path = "Stopwatch-Prefix.pch"; sourceTree = "<group>"; };
		5329433718B30E0100F45250 /* AppDelegate.h */ = {isa = PBXFileReference; lastKnownFileType = sourcecode.c.h; path = AppDelegate.h; sourceTree = "<group>"; };
		5329433818B30E0100F45250 /* AppDelegate.m */ = {isa = PBXFileReference; lastKnownFileType = sourcecode.c.objc; path = AppDelegate.m; sourceTree = "<group>"; };
		5329433B18B30E0100F45250 /* Base */ = {isa = PBXFileReference; lastKnownFileType = file.storyboard; name = Base; path = Base.lproj/Main.storyboard; sourceTree = "<group>"; };
		5329433D18B30E0100F45250 /* ViewController.h */ = {isa = PBXFileReference; lastKnownFileType = sourcecode.c.h; path = ViewController.h; sourceTree = "<group>"; };
		5329433E18B30E0100F45250 /* ViewController.m */ = {isa = PBXFileReference; lastKnownFileType = sourcecode.c.objc; path = ViewController.m; sourceTree = "<group>"; };
		5329434018B30E0100F45250 /* Images.xcassets */ = {isa = PBXFileReference; lastKnownFileType = folder.assetcatalog; path = Images.xcassets; sourceTree = "<group>"; };
		5329434618B30E0200F45250 /* StopwatchTests.xctest */ = {isa = PBXFileReference; explicitFileType = wrapper.cfbundle; includeInIndex = 0; path = StopwatchTests.xctest; sourceTree = BUILT_PRODUCTS_DIR; };
		5329434718B30E0200F45250 /* XCTest.framework */ = {isa = PBXFileReference; lastKnownFileType = wrapper.framework; name = XCTest.framework; path = Library/Frameworks/XCTest.framework; sourceTree = DEVELOPER_DIR; };
		5329434F18B30E0200F45250 /* StopwatchTests-Info.plist */ = {isa = PBXFileReference; lastKnownFileType = text.plist.xml; path = "StopwatchTests-Info.plist"; sourceTree = "<group>"; };
		5329435118B30E0200F45250 /* en */ = {isa = PBXFileReference; lastKnownFileType = text.plist.strings; name = en; path = en.lproj/InfoPlist.strings; sourceTree = "<group>"; };
		5329435318B30E0200F45250 /* StopwatchTests.m */ = {isa = PBXFileReference; lastKnownFileType = sourcecode.c.objc; path = StopwatchTests.m; sourceTree = "<group>"; };
/* End PBXFileReference section */

/* Begin PBXFrameworksBuildPhase section */
		5329432218B30E0100F45250 /* Frameworks */ = {
			isa = PBXFrameworksBuildPhase;
			buildActionMask = 2147483647;
			files = (
				5329432B18B30E0100F45250 /* CoreGraphics.framework in Frameworks */,
				5329432D18B30E0100F45250 /* UIKit.framework in Frameworks */,
				5329432918B30E0100F45250 /* Foundation.framework in Frameworks */,
			);
			runOnlyForDeploymentPostprocessing = 0;
		};
		5329434318B30E0200F45250 /* Frameworks */ = {
			isa = PBXFrameworksBuildPhase;
			buildActionMask = 2147483647;
			files = (
				5329434818B30E0200F45250 /* XCTest.framework in Frameworks */,
				5329434A18B30E0200F45250 /* UIKit.framework in Frameworks */,
				5329434918B30E0200F45250 /* Foundation.framework in Frameworks */,
			);
			runOnlyForDeploymentPostprocessing = 0;
		};
/* End PBXFrameworksBuildPhase section */

/* Begin PBXGroup section */
		5329431C18B30E0100F45250 = {
			isa = PBXGroup;
			children = (
				5329432E18B30E0100F45250 /* Stopwatch */,
				5329434D18B30E0200F45250 /* StopwatchTests */,
				5329432718B30E0100F45250 /* Frameworks */,
				5329432618B30E0100F45250 /* Products */,
			);
			sourceTree = "<group>";
		};
		5329432618B30E0100F45250 /* Products */ = {
			isa = PBXGroup;
			children = (
				5329432518B30E0100F45250 /* Stopwatch.app */,
				5329434618B30E0200F45250 /* StopwatchTests.xctest */,
			);
			name = Products;
			sourceTree = "<group>";
		};
		5329432718B30E0100F45250 /* Frameworks */ = {
			isa = PBXGroup;
			children = (
				5329432818B30E0100F45250 /* Foundation.framework */,
				5329432A18B30E0100F45250 /* CoreGraphics.framework */,
				5329432C18B30E0100F45250 /* UIKit.framework */,
				5329434718B30E0200F45250 /* XCTest.framework */,
			);
			name = Frameworks;
			sourceTree = "<group>";
		};
		5329432E18B30E0100F45250 /* Stopwatch */ = {
			isa = PBXGroup;
			children = (
				5329433718B30E0100F45250 /* AppDelegate.h */,
				5329433818B30E0100F45250 /* AppDelegate.m */,
				5329433A18B30E0100F45250 /* Main.storyboard */,
				5329433D18B30E0100F45250 /* ViewController.h */,
				5329433E18B30E0100F45250 /* ViewController.m */,
				5329434018B30E0100F45250 /* Images.xcassets */,
				5329432F18B30E0100F45250 /* Supporting Files */,
			);
			path = Stopwatch;
			sourceTree = "<group>";
		};
		5329432F18B30E0100F45250 /* Supporting Files */ = {
			isa = PBXGroup;
			children = (
				5329433018B30E0100F45250 /* Stopwatch-Info.plist */,
				5329433118B30E0100F45250 /* InfoPlist.strings */,
				5329433418B30E0100F45250 /* main.m */,
				5329433618B30E0100F45250 /* Stopwatch-Prefix.pch */,
			);
			name = "Supporting Files";
			sourceTree = "<group>";
		};
		5329434D18B30E0200F45250 /* StopwatchTests */ = {
			isa = PBXGroup;
			children = (
				5329435318B30E0200F45250 /* StopwatchTests.m */,
				5329434E18B30E0200F45250 /* Supporting Files */,
			);
			path = StopwatchTests;
			sourceTree = "<group>";
		};
		5329434E18B30E0200F45250 /* Supporting Files */ = {
			isa = PBXGroup;
			children = (
				5329434F18B30E0200F45250 /* StopwatchTests-Info.plist */,
				5329435018B30E0200F45250 /* InfoPlist.strings */,
			);
			name = "Supporting Files";
			sourceTree = "<group>";
		};
/* End PBXGroup section */

/* Begin PBXNativeTarget section */
		5329432418B30E0100F45250 /* Stopwatch */ = {
			isa = PBXNativeTarget;
			buildConfigurationList = 5329435718B30E0200F45250 /* Build configuration list for PBXNativeTarget "Stopwatch" */;
			buildPhases = (
				5329432118B30E0100F45250 /* Sources */,
				5329432218B30E0100F45250 /* Frameworks */,
				5329432318B30E0100F45250 /* Resources */,
			);
			buildRules = (
			);
			dependencies = (
			);
			name = Stopwatch;
			productName = Stopwatch;
			productReference = 5329432518B30E0100F45250 /* Stopwatch.app */;
			productType = "com.apple.product-type.application";
		};
		5329434518B30E0200F45250 /* StopwatchTests */ = {
			isa = PBXNativeTarget;
			buildConfigurationList = 5329435A18B30E0200F45250 /* Build configuration list for PBXNativeTarget "StopwatchTests" */;
			buildPhases = (
				5329434218B30E0200F45250 /* Sources */,
				5329434318B30E0200F45250 /* Frameworks */,
				5329434418B30E0200F45250 /* Resources */,
			);
			buildRules = (
			);
			dependencies = (
				5329434C18B30E0200F45250 /* PBXTargetDependency */,
			);
			name = StopwatchTests;
			productName = StopwatchTests;
			productReference = 5329434618B30E0200F45250 /* StopwatchTests.xctest */;
			productType = "com.apple.product-type.bundle.unit-test";
		};
/* End PBXNativeTarget section */

/* Begin PBXProject section */
		5329431D18B30E0100F45250 /* Project object */ = {
			isa = PBXProject;
			attributes = {
				LastUpgradeCheck = 0500;
				ORGANIZATIONNAME = "Kevin Byrne";
				TargetAttributes = {
					5329434518B30E0200F45250 = {
						TestTargetID = 5329432418B30E0100F45250;
					};
				};
			};
			buildConfigurationList = 5329432018B30E0100F45250 /* Build configuration list for PBXProject "Stopwatch" */;
			compatibilityVersion = "Xcode 3.2";
			developmentRegion = English;
			hasScannedForEncodings = 0;
			knownRegions = (
				en,
				Base,
			);
			mainGroup = 5329431C18B30E0100F45250;
			productRefGroup = 5329432618B30E0100F45250 /* Products */;
			projectDirPath = "";
			projectRoot = "";
			targets = (
				5329432418B30E0100F45250 /* Stopwatch */,
				5329434518B30E0200F45250 /* StopwatchTests */,
			);
		};
/* End PBXProject section */

/* Begin PBXResourcesBuildPhase section */
		5329432318B30E0100F45250 /* Resources */ = {
			isa = PBXResourcesBuildPhase;
			buildActionMask = 2147483647;
			files = (
				5329434118B30E0100F45250 /* Images.xcassets in Resources */,
				5329433318B30E0100F45250 /* InfoPlist.strings in Resources */,
				5329433C18B30E0100F45250 /* Main.storyboard in Resources */,
			);
			runOnlyForDeploymentPostprocessing = 0;
		};
		5329434418B30E0200F45250 /* Resources */ = {
			isa = PBXResourcesBuildPhase;
			buildActionMask = 2147483647;
			files = (
				5329435218B30E0200F45250 /* InfoPlist.strings in Resources */,
			);
			runOnlyForDeploymentPostprocessing = 0;
		};
/* End PBXResourcesBuildPhase section */

/* Begin PBXSourcesBuildPhase section */
		5329432118B30E0100F45250 /* Sources */ = {
			isa = PBXSourcesBuildPhase;
			buildActionMask = 2147483647;
			files = (
				5329433F18B30E0100F45250 /* ViewController.m in Sources */,
				5329433918B30E0100F45250 /* AppDelegate.m in Sources */,
				5329433518B30E0100F45250 /* main.m in Sources */,
			);
			runOnlyForDeploymentPostprocessing = 0;
		};
		5329434218B30E0200F45250 /* Sources */ = {
			isa = PBXSourcesBuildPhase;
			buildActionMask = 2147483647;
			files = (
				5329435418B30E0200F45250 /* StopwatchTests.m in Sources */,
			);
			runOnlyForDeploymentPostprocessing = 0;
		};
/* End PBXSourcesBuildPhase section */

/* Begin PBXTargetDependency section */
		5329434C18B30E0200F45250 /* PBXTargetDependency */ = {
			isa = PBXTargetDependency;
			target = 5329432418B30E0100F45250 /* Stopwatch */;
			targetProxy = 5329434B18B30E0200F45250 /* PBXContainerItemProxy */;
		};
/* End PBXTargetDependency section */

/* Begin PBXVariantGroup section */
		5329433118B30E0100F45250 /* InfoPlist.strings */ = {
			isa = PBXVariantGroup;
			children = (
				5329433218B30E0100F45250 /* en */,
			);
			name = InfoPlist.strings;
			sourceTree = "<group>";
		};
		5329433A18B30E0100F45250 /* Main.storyboard */ = {
			isa = PBXVariantGroup;
			children = (
				5329433B18B30E0100F45250 /* Base */,
			);
			name = Main.storyboard;
			sourceTree = "<group>";
		};
		5329435018B30E0200F45250 /* InfoPlist.strings */ = {
			isa = PBXVariantGroup;
			children = (
				5329435118B30E0200F45250 /* en */,
			);
			name = InfoPlist.strings;
			sourceTree = "<group>";
		};
/* End PBXVariantGroup section */

/* Begin XCBuildConfiguration section */
		5329435518B30E0200F45250 /* Debug */ = {
			isa = XCBuildConfiguration;
			buildSettings = {
				ALWAYS_SEARCH_USER_PATHS = NO;
				ARCHS = "$(ARCHS_STANDARD_INCLUDING_64_BIT)";
				CLANG_CXX_LANGUAGE_STANDARD = "gnu++0x";
				CLANG_CXX_LIBRARY = "libc++";
				CLANG_ENABLE_MODULES = YES;
				CLANG_ENABLE_OBJC_ARC = YES;
				CLANG_WARN_BOOL_CONVERSION = YES;
				CLANG_WARN_CONSTANT_CONVERSION = YES;
				CLANG_WARN_DIRECT_OBJC_ISA_USAGE = YES_ERROR;
				CLANG_WARN_EMPTY_BODY = YES;
				CLANG_WARN_ENUM_CONVERSION = YES;
				CLANG_WARN_INT_CONVERSION = YES;
				CLANG_WARN_OBJC_ROOT_CLASS = YES_ERROR;
				CLANG_WARN__DUPLICATE_METHOD_MATCH = YES;
				"CODE_SIGN_IDENTITY[sdk=iphoneos*]" = "iPhone Developer";
				COPY_PHASE_STRIP = NO;
				GCC_C_LANGUAGE_STANDARD = gnu99;
				GCC_DYNAMIC_NO_PIC = NO;
				GCC_OPTIMIZATION_LEVEL = 0;
				GCC_PREPROCESSOR_DEFINITIONS = (
					"DEBUG=1",
					"$(inherited)",
				);
				GCC_SYMBOLS_PRIVATE_EXTERN = NO;
				GCC_WARN_64_TO_32_BIT_CONVERSION = YES;
				GCC_WARN_ABOUT_RETURN_TYPE = YES_ERROR;
				GCC_WARN_UNDECLARED_SELECTOR = YES;
				GCC_WARN_UNINITIALIZED_AUTOS = YES;
				GCC_WARN_UNUSED_FUNCTION = YES;
				GCC_WARN_UNUSED_VARIABLE = YES;
				IPHONEOS_DEPLOYMENT_TARGET = 7.0;
				ONLY_ACTIVE_ARCH = YES;
				SDKROOT = iphoneos;
			};
			name = Debug;
		};
		5329435618B30E0200F45250 /* Release */ = {
			isa = XCBuildConfiguration;
			buildSettings = {
				ALWAYS_SEARCH_USER_PATHS = NO;
				ARCHS = "$(ARCHS_STANDARD_INCLUDING_64_BIT)";
				CLANG_CXX_LANGUAGE_STANDARD = "gnu++0x";
				CLANG_CXX_LIBRARY = "libc++";
				CLANG_ENABLE_MODULES = YES;
				CLANG_ENABLE_OBJC_ARC = YES;
				CLANG_WARN_BOOL_CONVERSION = YES;
				CLANG_WARN_CONSTANT_CONVERSION = YES;
				CLANG_WARN_DIRECT_OBJC_ISA_USAGE = YES_ERROR;
				CLANG_WARN_EMPTY_BODY = YES;
				CLANG_WARN_ENUM_CONVERSION = YES;
				CLANG_WARN_INT_CONVERSION = YES;
				CLANG_WARN_OBJC_ROOT_CLASS = YES_ERROR;
				CLANG_WARN__DUPLICATE_METHOD_MATCH = YES;
				"CODE_SIGN_IDENTITY[sdk=iphoneos*]" = "iPhone Developer";
				COPY_PHASE_STRIP = YES;
				ENABLE_NS_ASSERTIONS = NO;
				GCC_C_LANGUAGE_STANDARD = gnu99;
				GCC_WARN_64_TO_32_BIT_CONVERSION = YES;
				GCC_WARN_ABOUT_RETURN_TYPE = YES_ERROR;
				GCC_WARN_UNDECLARED_SELECTOR = YES;
				GCC_WARN_UNINITIALIZED_AUTOS = YES;
				GCC_WARN_UNUSED_FUNCTION = YES;
				GCC_WARN_UNUSED_VARIABLE = YES;
				IPHONEOS_DEPLOYMENT_TARGET = 7.0;
				SDKROOT = iphoneos;
				VALIDATE_PRODUCT = YES;
			};
			name = Release;
		};
		5329435818B30E0200F45250 /* Debug */ = {
			isa = XCBuildConfiguration;
			buildSettings = {
				ASSETCATALOG_COMPILER_APPICON_NAME = AppIcon;
				ASSETCATALOG_COMPILER_LAUNCHIMAGE_NAME = LaunchImage;
				GCC_PRECOMPILE_PREFIX_HEADER = YES;
				GCC_PREFIX_HEADER = "Stopwatch/Stopwatch-Prefix.pch";
				INFOPLIST_FILE = "Stopwatch/Stopwatch-Info.plist";
				PRODUCT_NAME = "$(TARGET_NAME)";
				WRAPPER_EXTENSION = app;
			};
			name = Debug;
		};
		5329435918B30E0200F45250 /* Release */ = {
			isa = XCBuildConfiguration;
			buildSettings = {
				ASSETCATALOG_COMPILER_APPICON_NAME = AppIcon;
				ASSETCATALOG_COMPILER_LAUNCHIMAGE_NAME = LaunchImage;
				GCC_PRECOMPILE_PREFIX_HEADER = YES;
				GCC_PREFIX_HEADER = "Stopwatch/Stopwatch-Prefix.pch";
				INFOPLIST_FILE = "Stopwatch/Stopwatch-Info.plist";
				PRODUCT_NAME = "$(TARGET_NAME)";
				WRAPPER_EXTENSION = app;
			};
			name = Release;
		};
		5329435B18B30E0200F45250 /* Debug */ = {
			isa = XCBuildConfiguration;
			buildSettings = {
				ARCHS = "$(ARCHS_STANDARD_INCLUDING_64_BIT)";
				BUNDLE_LOADER = "$(BUILT_PRODUCTS_DIR)/Stopwatch.app/Stopwatch";
				FRAMEWORK_SEARCH_PATHS = (
					"$(SDKROOT)/Developer/Library/Frameworks",
					"$(inherited)",
					"$(DEVELOPER_FRAMEWORKS_DIR)",
				);
				GCC_PRECOMPILE_PREFIX_HEADER = YES;
				GCC_PREFIX_HEADER = "Stopwatch/Stopwatch-Prefix.pch";
				GCC_PREPROCESSOR_DEFINITIONS = (
					"DEBUG=1",
					"$(inherited)",
				);
				INFOPLIST_FILE = "StopwatchTests/StopwatchTests-Info.plist";
				PRODUCT_NAME = "$(TARGET_NAME)";
				TEST_HOST = "$(BUNDLE_LOADER)";
				WRAPPER_EXTENSION = xctest;
			};
			name = Debug;
		};
		5329435C18B30E0200F45250 /* Release */ = {
			isa = XCBuildConfiguration;
			buildSettings = {
				ARCHS = "$(ARCHS_STANDARD_INCLUDING_64_BIT)";
				BUNDLE_LOADER = "$(BUILT_PRODUCTS_DIR)/Stopwatch.app/Stopwatch";
				FRAMEWORK_SEARCH_PATHS = (
					"$(SDKROOT)/Developer/Library/Frameworks",
					"$(inherited)",
					"$(DEVELOPER_FRAMEWORKS_DIR)",
				);
				GCC_PRECOMPILE_PREFIX_HEADER = YES;
				GCC_PREFIX_HEADER = "Stopwatch/Stopwatch-Prefix.pch";
				INFOPLIST_FILE = "StopwatchTests/StopwatchTests-Info.plist";
				PRODUCT_NAME = "$(TARGET_NAME)";
				TEST_HOST = "$(BUNDLE_LOADER)";
				WRAPPER_EXTENSION = xctest;
			};
			name = Release;
		};
/* End XCBuildConfiguration section */

/* Begin XCConfigurationList section */
		5329432018B30E0100F45250 /* Build configuration list for PBXProject "Stopwatch" */ = {
			isa = XCConfigurationList;
			buildConfigurations = (
				5329435518B30E0200F45250 /* Debug */,
				5329435618B30E0200F45250 /* Release */,
			);
			defaultConfigurationIsVisible = 0;
			defaultConfigurationName = Release;
		};
		5329435718B30E0200F45250 /* Build configuration list for PBXNativeTarget "Stopwatch" */ = {
			isa = XCConfigurationList;
			buildConfigurations = (
				5329435818B30E0200F45250 /* Debug */,
				5329435918B30E0200F45250 /* Release */,
			);
			defaultConfigurationIsVisible = 0;
		};
		5329435A18B30E0200F45250 /* Build configuration list for PBXNativeTarget "StopwatchTests" */ = {
			isa = XCConfigurationList;
			buildConfigurations = (
				5329435B18B30E0200F45250 /* Debug */,
				5329435C18B30E0200F45250 /* Release */,
			);
			defaultConfigurationIsVisible = 0;
		};
/* End XCConfigurationList section */
	};
	rootObject = 5329431D18B30E0100F45250 /* Project object */;
}
